
Microsoft Visual Studio Solution File, Format Version 12.00
# Visual Studio 15
VisualStudioVersion = 15.0.28307.438
MinimumVisualStudioVersion = 10.0.40219.1
Project("{FAE04EC0-301F-11D3-BF4B-00C04F79EFBC}") = "Solution1", "Solution1\Solution1.csproj", "{2E97F101-3009-45DE-8D36-EA96847B35CE}"
EndProject
Project("{FAE04EC0-301F-11D3-BF4B-00C04F79EFBC}") = "Solution2", "Solution2\Solution2.csproj", "{2D86A4CD-AC5D-4335-8BFA-F15BCDE07F3B}"
EndProject
Project("{FAE04EC0-301F-11D3-BF4B-00C04F79EFBC}") = "Solution3", "Solution3\Solution3.csproj", "{77B55A88-8F60-4AE6-A5E9-6E928605DB33}"
EndProject
Global
	GlobalSection(SolutionConfigurationPlatforms) = preSolution
		Debug|Any CPU = Debug|Any CPU
		Release|Any CPU = Release|Any CPU
	EndGlobalSection
	GlobalSection(ProjectConfigurationPlatforms) = postSolution
		{2E97F101-3009-45DE-8D36-EA96847B35CE}.Debug|Any CPU.ActiveCfg = Debug|Any CPU
		{2E97F101-3009-45DE-8D36-EA96847B35CE}.Debug|Any CPU.Build.0 = Debug|Any CPU
		{2E97F101-3009-45DE-8D36-EA96847B35CE}.Release|Any CPU.ActiveCfg = Release|Any CPU
		{2E97F101-3009-45DE-8D36-EA96847B35CE}.Release|Any CPU.Build.0 = Release|Any CPU
		{2D86A4CD-AC5D-4335-8BFA-F15BCDE07F3B}.Debug|Any CPU.ActiveCfg = Debug|Any CPU
		{2D86A4CD-AC5D-4335-8BFA-F15BCDE07F3B}.Debug|Any CPU.Build.0 = Debug|Any CPU
		{2D86A4CD-AC5D-4335-8BFA-F15BCDE07F3B}.Release|Any CPU.ActiveCfg = Release|Any CPU
		{2D86A4CD-AC5D-4335-8BFA-F15BCDE07F3B}.Release|Any CPU.Build.0 = Release|Any CPU
		{77B55A88-8F60-4AE6-A5E9-6E928605DB33}.Debug|Any CPU.ActiveCfg = Debug|Any CPU
		{77B55A88-8F60-4AE6-A5E9-6E928605DB33}.Debug|Any CPU.Build.0 = Debug|Any CPU
		{77B55A88-8F60-4AE6-A5E9-6E928605DB33}.Release|Any CPU.ActiveCfg = Release|Any CPU
		{77B55A88-8F60-4AE6-A5E9-6E928605DB33}.Release|Any CPU.Build.0 = Release|Any CPU
	EndGlobalSection
	GlobalSection(SolutionProperties) = preSolution
		HideSolutionNode = FALSE
	EndGlobalSection
	GlobalSection(ExtensibilityGlobals) = postSolution
		SolutionGuid = {85B4C11B-240F-4568-9FFE-6B2A516B33D2}
	EndGlobalSection
EndGlobal
